// !$*UTF8*$!
{
	archiveVersion = 1;
	classes = {
	};
	objectVersion = 48;
	objects = {

/* Begin PBXBuildFile section */
		AE1718F42078AE9F008B1F69 /* AppDelegate.swift in Sources */ = {isa = PBXBuildFile; fileRef = AE1718F32078AE9F008B1F69 /* AppDelegate.swift */; };
		AE1718F62078AE9F008B1F69 /* ViewController.swift in Sources */ = {isa = PBXBuildFile; fileRef = AE1718F52078AE9F008B1F69 /* ViewController.swift */; };
		AE1718F92078AE9F008B1F69 /* Main.storyboard in Resources */ = {isa = PBXBuildFile; fileRef = AE1718F72078AE9F008B1F69 /* Main.storyboard */; };
		AE1718FB2078AE9F008B1F69 /* Assets.xcassets in Resources */ = {isa = PBXBuildFile; fileRef = AE1718FA2078AE9F008B1F69 /* Assets.xcassets */; };
		AE1718FE2078AE9F008B1F69 /* LaunchScreen.storyboard in Resources */ = {isa = PBXBuildFile; fileRef = AE1718FC2078AE9F008B1F69 /* LaunchScreen.storyboard */; };
		AE1719092078AEA0008B1F69 /* WordListTests.swift in Sources */ = {isa = PBXBuildFile; fileRef = AE1719082078AEA0008B1F69 /* WordListTests.swift */; };
		AE1719142078AEA0008B1F69 /* WordListUITests.swift in Sources */ = {isa = PBXBuildFile; fileRef = AE1719132078AEA0008B1F69 /* WordListUITests.swift */; };
/* End PBXBuildFile section */

/* Begin PBXContainerItemProxy section */
		AE1719052078AE9F008B1F69 /* PBXContainerItemProxy */ = {
			isa = PBXContainerItemProxy;
			containerPortal = AE1718E82078AE9F008B1F69 /* Project object */;
			proxyType = 1;
			remoteGlobalIDString = AE1718EF2078AE9F008B1F69;
			remoteInfo = WordList;
		};
		AE1719102078AEA0008B1F69 /* PBXContainerItemProxy */ = {
			isa = PBXContainerItemProxy;
			containerPortal = AE1718E82078AE9F008B1F69 /* Project object */;
			proxyType = 1;
			remoteGlobalIDString = AE1718EF2078AE9F008B1F69;
			remoteInfo = WordList;
		};
/* End PBXContainerItemProxy section */

/* Begin PBXFileReference section */
		AE1718F02078AE9F008B1F69 /* WordList.app */ = {isa = PBXFileReference; explicitFileType = wrapper.application; includeInIndex = 0; path = WordList.app; sourceTree = BUILT_PRODUCTS_DIR; };
		AE1718F32078AE9F008B1F69 /* AppDelegate.swift */ = {isa = PBXFileReference; lastKnownFileType = sourcecode.swift; path = AppDelegate.swift; sourceTree = "<group>"; };
		AE1718F52078AE9F008B1F69 /* ViewController.swift */ = {isa = PBXFileReference; lastKnownFileType = sourcecode.swift; path = ViewController.swift; sourceTree = "<group>"; };
		AE1718F82078AE9F008B1F69 /* Base */ = {isa = PBXFileReference; lastKnownFileType = file.storyboard; name = Base; path = Base.lproj/Main.storyboard; sourceTree = "<group>"; };
		AE1718FA2078AE9F008B1F69 /* Assets.xcassets */ = {isa = PBXFileReference; lastKnownFileType = folder.assetcatalog; path = Assets.xcassets; sourceTree = "<group>"; };
		AE1718FD2078AE9F008B1F69 /* Base */ = {isa = PBXFileReference; lastKnownFileType = file.storyboard; name = Base; path = Base.lproj/LaunchScreen.storyboard; sourceTree = "<group>"; };
		AE1718FF2078AE9F008B1F69 /* Info.plist */ = {isa = PBXFileReference; lastKnownFileType = text.plist.xml; path = Info.plist; sourceTree = "<group>"; };
		AE1719042078AE9F008B1F69 /* WordListTests.xctest */ = {isa = PBXFileReference; explicitFileType = wrapper.cfbundle; includeInIndex = 0; path = WordListTests.xctest; sourceTree = BUILT_PRODUCTS_DIR; };
		AE1719082078AEA0008B1F69 /* WordListTests.swift */ = {isa = PBXFileReference; lastKnownFileType = sourcecode.swift; path = WordListTests.swift; sourceTree = "<group>"; };
		AE17190A2078AEA0008B1F69 /* Info.plist */ = {isa = PBXFileReference; lastKnownFileType = text.plist.xml; path = Info.plist; sourceTree = "<group>"; };
		AE17190F2078AEA0008B1F69 /* WordListUITests.xctest */ = {isa = PBXFileReference; explicitFileType = wrapper.cfbundle; includeInIndex = 0; path = WordListUITests.xctest; sourceTree = BUILT_PRODUCTS_DIR; };
		AE1719132078AEA0008B1F69 /* WordListUITests.swift */ = {isa = PBXFileReference; lastKnownFileType = sourcecode.swift; path = WordListUITests.swift; sourceTree = "<group>"; };
		AE1719152078AEA0008B1F69 /* Info.plist */ = {isa = PBXFileReference; lastKnownFileType = text.plist.xml; path = Info.plist; sourceTree = "<group>"; };
/* End PBXFileReference section */

/* Begin PBXFrameworksBuildPhase section */
		AE1718ED2078AE9F008B1F69 /* Frameworks */ = {
			isa = PBXFrameworksBuildPhase;
			buildActionMask = 2147483647;
			files = (
			);
			runOnlyForDeploymentPostprocessing = 0;
		};
		AE1719012078AE9F008B1F69 /* Frameworks */ = {
			isa = PBXFrameworksBuildPhase;
			buildActionMask = 2147483647;
			files = (
			);
			runOnlyForDeploymentPostprocessing = 0;
		};
		AE17190C2078AEA0008B1F69 /* Frameworks */ = {
			isa = PBXFrameworksBuildPhase;
			buildActionMask = 2147483647;
			files = (
			);
			runOnlyForDeploymentPostprocessing = 0;
		};
/* End PBXFrameworksBuildPhase section */

/* Begin PBXGroup section */
		AE1718E72078AE9F008B1F69 = {
			isa = PBXGroup;
			children = (
				AE1718F22078AE9F008B1F69 /* WordList */,
				AE1719072078AE9F008B1F69 /* WordListTests */,
				AE1719122078AEA0008B1F69 /* WordListUITests */,
				AE1718F12078AE9F008B1F69 /* Products */,
			);
			sourceTree = "<group>";
		};
		AE1718F12078AE9F008B1F69 /* Products */ = {
			isa = PBXGroup;
			children = (
				AE1718F02078AE9F008B1F69 /* WordList.app */,
				AE1719042078AE9F008B1F69 /* WordListTests.xctest */,
				AE17190F2078AEA0008B1F69 /* WordListUITests.xctest */,
			);
			name = Products;
			sourceTree = "<group>";
		};
		AE1718F22078AE9F008B1F69 /* WordList */ = {
			isa = PBXGroup;
			children = (
				AE1718F32078AE9F008B1F69 /* AppDelegate.swift */,
				AE1718F52078AE9F008B1F69 /* ViewController.swift */,
				AE1718F72078AE9F008B1F69 /* Main.storyboard */,
				AE1718FA2078AE9F008B1F69 /* Assets.xcassets */,
				AE1718FC2078AE9F008B1F69 /* LaunchScreen.storyboard */,
				AE1718FF2078AE9F008B1F69 /* Info.plist */,
			);
			path = WordList;
			sourceTree = "<group>";
		};
		AE1719072078AE9F008B1F69 /* WordListTests */ = {
			isa = PBXGroup;
			children = (
				AE1719082078AEA0008B1F69 /* WordListTests.swift */,
				AE17190A2078AEA0008B1F69 /* Info.plist */,
			);
			path = WordListTests;
			sourceTree = "<group>";
		};
		AE1719122078AEA0008B1F69 /* WordListUITests */ = {
			isa = PBXGroup;
			children = (
				AE1719132078AEA0008B1F69 /* WordListUITests.swift */,
				AE1719152078AEA0008B1F69 /* Info.plist */,
			);
			path = WordListUITests;
			sourceTree = "<group>";
		};
/* End PBXGroup section */

/* Begin PBXNativeTarget section */
		AE1718EF2078AE9F008B1F69 /* WordList */ = {
			isa = PBXNativeTarget;
			buildConfigurationList = AE1719182078AEA0008B1F69 /* Build configuration list for PBXNativeTarget "WordList" */;
			buildPhases = (
				AE1718EC2078AE9F008B1F69 /* Sources */,
				AE1718ED2078AE9F008B1F69 /* Frameworks */,
				AE1718EE2078AE9F008B1F69 /* Resources */,
			);
			buildRules = (
			);
			dependencies = (
			);
			name = WordList;
			productName = WordList;
			productReference = AE1718F02078AE9F008B1F69 /* WordList.app */;
			productType = "com.apple.product-type.application";
		};
		AE1719032078AE9F008B1F69 /* WordListTests */ = {
			isa = PBXNativeTarget;
			buildConfigurationList = AE17191B2078AEA0008B1F69 /* Build configuration list for PBXNativeTarget "WordListTests" */;
			buildPhases = (
				AE1719002078AE9F008B1F69 /* Sources */,
				AE1719012078AE9F008B1F69 /* Frameworks */,
				AE1719022078AE9F008B1F69 /* Resources */,
			);
			buildRules = (
			);
			dependencies = (
				AE1719062078AE9F008B1F69 /* PBXTargetDependency */,
			);
			name = WordListTests;
			productName = WordListTests;
			productReference = AE1719042078AE9F008B1F69 /* WordListTests.xctest */;
			productType = "com.apple.product-type.bundle.unit-test";
		};
		AE17190E2078AEA0008B1F69 /* WordListUITests */ = {
			isa = PBXNativeTarget;
			buildConfigurationList = AE17191E2078AEA0008B1F69 /* Build configuration list for PBXNativeTarget "WordListUITests" */;
			buildPhases = (
				AE17190B2078AEA0008B1F69 /* Sources */,
				AE17190C2078AEA0008B1F69 /* Frameworks */,
				AE17190D2078AEA0008B1F69 /* Resources */,
			);
			buildRules = (
			);
			dependencies = (
				AE1719112078AEA0008B1F69 /* PBXTargetDependency */,
			);
			name = WordListUITests;
			productName = WordListUITests;
			productReference = AE17190F2078AEA0008B1F69 /* WordListUITests.xctest */;
			productType = "com.apple.product-type.bundle.ui-testing";
		};
/* End PBXNativeTarget section */

/* Begin PBXProject section */
		AE1718E82078AE9F008B1F69 /* Project object */ = {
			isa = PBXProject;
			attributes = {
				LastSwiftUpdateCheck = 0920;
				LastUpgradeCheck = 0920;
				ORGANIZATIONNAME = "Life is Tech!";
				TargetAttributes = {
					AE1718EF2078AE9F008B1F69 = {
						CreatedOnToolsVersion = 9.2;
						ProvisioningStyle = Automatic;
					};
					AE1719032078AE9F008B1F69 = {
						CreatedOnToolsVersion = 9.2;
						ProvisioningStyle = Automatic;
						TestTargetID = AE1718EF2078AE9F008B1F69;
					};
					AE17190E2078AEA0008B1F69 = {
						CreatedOnToolsVersion = 9.2;
						ProvisioningStyle = Automatic;
						TestTargetID = AE1718EF2078AE9F008B1F69;
					};
				};
			};
			buildConfigurationList = AE1718EB2078AE9F008B1F69 /* Build configuration list for PBXProject "WordList" */;
			compatibilityVersion = "Xcode 8.0";
			developmentRegion = en;
			hasScannedForEncodings = 0;
			knownRegions = (
				en,
				Base,
			);
			mainGroup = AE1718E72078AE9F008B1F69;
			productRefGroup = AE1718F12078AE9F008B1F69 /* Products */;
			projectDirPath = "";
			projectRoot = "";
			targets = (
				AE1718EF2078AE9F008B1F69 /* WordList */,
				AE1719032078AE9F008B1F69 /* WordListTests */,
				AE17190E2078AEA0008B1F69 /* WordListUITests */,
			);
		};
/* End PBXProject section */

/* Begin PBXResourcesBuildPhase section */
		AE1718EE2078AE9F008B1F69 /* Resources */ = {
			isa = PBXResourcesBuildPhase;
			buildActionMask = 2147483647;
			files = (
				AE1718FE2078AE9F008B1F69 /* LaunchScreen.storyboard in Resources */,
				AE1718FB2078AE9F008B1F69 /* Assets.xcassets in Resources */,
				AE1718F92078AE9F008B1F69 /* Main.storyboard in Resources */,
			);
			runOnlyForDeploymentPostprocessing = 0;
		};
		AE1719022078AE9F008B1F69 /* Resources */ = {
			isa = PBXResourcesBuildPhase;
			buildActionMask = 2147483647;
			files = (
			);
			runOnlyForDeploymentPostprocessing = 0;
		};
		AE17190D2078AEA0008B1F69 /* Resources */ = {
			isa = PBXResourcesBuildPhase;
			buildActionMask = 2147483647;
			files = (
			);
			runOnlyForDeploymentPostprocessing = 0;
		};
/* End PBXResourcesBuildPhase section */

/* Begin PBXSourcesBuildPhase section */
		AE1718EC2078AE9F008B1F69 /* Sources */ = {
			isa = PBXSourcesBuildPhase;
			buildActionMask = 2147483647;
			files = (
				AE1718F62078AE9F008B1F69 /* ViewController.swift in Sources */,
				AE1718F42078AE9F008B1F69 /* AppDelegate.swift in Sources */,
			);
			runOnlyForDeploymentPostprocessing = 0;
		};
		AE1719002078AE9F008B1F69 /* Sources */ = {
			isa = PBXSourcesBuildPhase;
			buildActionMask = 2147483647;
			files = (
				AE1719092078AEA0008B1F69 /* WordListTests.swift in Sources */,
			);
			runOnlyForDeploymentPostprocessing = 0;
		};
		AE17190B2078AEA0008B1F69 /* Sources */ = {
			isa = PBXSourcesBuildPhase;
			buildActionMask = 2147483647;
			files = (
				AE1719142078AEA0008B1F69 /* WordListUITests.swift in Sources */,
			);
			runOnlyForDeploymentPostprocessing = 0;
		};
/* End PBXSourcesBuildPhase section */

/* Begin PBXTargetDependency section */
		AE1719062078AE9F008B1F69 /* PBXTargetDependency */ = {
			isa = PBXTargetDependency;
			target = AE1718EF2078AE9F008B1F69 /* WordList */;
			targetProxy = AE1719052078AE9F008B1F69 /* PBXContainerItemProxy */;
		};
		AE1719112078AEA0008B1F69 /* PBXTargetDependency */ = {
			isa = PBXTargetDependency;
			target = AE1718EF2078AE9F008B1F69 /* WordList */;
			targetProxy = AE1719102078AEA0008B1F69 /* PBXContainerItemProxy */;
		};
/* End PBXTargetDependency section */

/* Begin PBXVariantGroup section */
		AE1718F72078AE9F008B1F69 /* Main.storyboard */ = {
			isa = PBXVariantGroup;
			children = (
				AE1718F82078AE9F008B1F69 /* Base */,
			);
			name = Main.storyboard;
			sourceTree = "<group>";
		};
		AE1718FC2078AE9F008B1F69 /* LaunchScreen.storyboard */ = {
			isa = PBXVariantGroup;
			children = (
				AE1718FD2078AE9F008B1F69 /* Base */,
			);
			name = LaunchScreen.storyboard;
			sourceTree = "<group>";
		};
/* End PBXVariantGroup section */

/* Begin XCBuildConfiguration section */
		AE1719162078AEA0008B1F69 /* Debug */ = {
			isa = XCBuildConfiguration;
			buildSettings = {
				ALWAYS_SEARCH_USER_PATHS = NO;
				CLANG_ANALYZER_NONNULL = YES;
				CLANG_ANALYZER_NUMBER_OBJECT_CONVERSION = YES_AGGRESSIVE;
				CLANG_CXX_LANGUAGE_STANDARD = "gnu++14";
				CLANG_CXX_LIBRARY = "libc++";
				CLANG_ENABLE_MODULES = YES;
				CLANG_ENABLE_OBJC_ARC = YES;
				CLANG_WARN_BLOCK_CAPTURE_AUTORELEASING = YES;
				CLANG_WARN_BOOL_CONVERSION = YES;
				CLANG_WARN_COMMA = YES;
				CLANG_WARN_CONSTANT_CONVERSION = YES;
				CLANG_WARN_DIRECT_OBJC_ISA_USAGE = YES_ERROR;
				CLANG_WARN_DOCUMENTATION_COMMENTS = YES;
				CLANG_WARN_EMPTY_BODY = YES;
				CLANG_WARN_ENUM_CONVERSION = YES;
				CLANG_WARN_INFINITE_RECURSION = YES;
				CLANG_WARN_INT_CONVERSION = YES;
				CLANG_WARN_NON_LITERAL_NULL_CONVERSION = YES;
				CLANG_WARN_OBJC_LITERAL_CONVERSION = YES;
				CLANG_WARN_OBJC_ROOT_CLASS = YES_ERROR;
				CLANG_WARN_RANGE_LOOP_ANALYSIS = YES;
				CLANG_WARN_STRICT_PROTOTYPES = YES;
				CLANG_WARN_SUSPICIOUS_MOVE = YES;
				CLANG_WARN_UNGUARDED_AVAILABILITY = YES_AGGRESSIVE;
				CLANG_WARN_UNREACHABLE_CODE = YES;
				CLANG_WARN__DUPLICATE_METHOD_MATCH = YES;
				CODE_SIGN_IDENTITY = "iPhone Developer";
				COPY_PHASE_STRIP = NO;
				DEBUG_INFORMATION_FORMAT = dwarf;
				ENABLE_STRICT_OBJC_MSGSEND = YES;
				ENABLE_TESTABILITY = YES;
				GCC_C_LANGUAGE_STANDARD = gnu11;
				GCC_DYNAMIC_NO_PIC = NO;
				GCC_NO_COMMON_BLOCKS = YES;
				GCC_OPTIMIZATION_LEVEL = 0;
				GCC_PREPROCESSOR_DEFINITIONS = (
					"DEBUG=1",
					"$(inherited)",
				);
				GCC_WARN_64_TO_32_BIT_CONVERSION = YES;
				GCC_WARN_ABOUT_RETURN_TYPE = YES_ERROR;
				GCC_WARN_UNDECLARED_SELECTOR = YES;
				GCC_WARN_UNINITIALIZED_AUTOS = YES_AGGRESSIVE;
				GCC_WARN_UNUSED_FUNCTION = YES;
				GCC_WARN_UNUSED_VARIABLE = YES;
				IPHONEOS_DEPLOYMENT_TARGET = 11.2;
				MTL_ENABLE_DEBUG_INFO = YES;
				ONLY_ACTIVE_ARCH = YES;
				SDKROOT = iphoneos;
				SWIFT_ACTIVE_COMPILATION_CONDITIONS = DEBUG;
				SWIFT_OPTIMIZATION_LEVEL = "-Onone";
			};
			name = Debug;
		};
		AE1719172078AEA0008B1F69 /* Release */ = {
			isa = XCBuildConfiguration;
			buildSettings = {
				ALWAYS_SEARCH_USER_PATHS = NO;
				CLANG_ANALYZER_NONNULL = YES;
				CLANG_ANALYZER_NUMBER_OBJECT_CONVERSION = YES_AGGRESSIVE;
				CLANG_CXX_LANGUAGE_STANDARD = "gnu++14";
				CLANG_CXX_LIBRARY = "libc++";
				CLANG_ENABLE_MODULES = YES;
				CLANG_ENABLE_OBJC_ARC = YES;
				CLANG_WARN_BLOCK_CAPTURE_AUTORELEASING = YES;
				CLANG_WARN_BOOL_CONVERSION = YES;
				CLANG_WARN_COMMA = YES;
				CLANG_WARN_CONSTANT_CONVERSION = YES;
				CLANG_WARN_DIRECT_OBJC_ISA_USAGE = YES_ERROR;
				CLANG_WARN_DOCUMENTATION_COMMENTS = YES;
				CLANG_WARN_EMPTY_BODY = YES;
				CLANG_WARN_ENUM_CONVERSION = YES;
				CLANG_WARN_INFINITE_RECURSION = YES;
				CLANG_WARN_INT_CONVERSION = YES;
				CLANG_WARN_NON_LITERAL_NULL_CONVERSION = YES;
				CLANG_WARN_OBJC_LITERAL_CONVERSION = YES;
				CLANG_WARN_OBJC_ROOT_CLASS = YES_ERROR;
				CLANG_WARN_RANGE_LOOP_ANALYSIS = YES;
				CLANG_WARN_STRICT_PROTOTYPES = YES;
				CLANG_WARN_SUSPICIOUS_MOVE = YES;
				CLANG_WARN_UNGUARDED_AVAILABILITY = YES_AGGRESSIVE;
				CLANG_WARN_UNREACHABLE_CODE = YES;
				CLANG_WARN__DUPLICATE_METHOD_MATCH = YES;
				CODE_SIGN_IDENTITY = "iPhone Developer";
				COPY_PHASE_STRIP = NO;
				DEBUG_INFORMATION_FORMAT = "dwarf-with-dsym";
				ENABLE_NS_ASSERTIONS = NO;
				ENABLE_STRICT_OBJC_MSGSEND = YES;
				GCC_C_LANGUAGE_STANDARD = gnu11;
				GCC_NO_COMMON_BLOCKS = YES;
				GCC_WARN_64_TO_32_BIT_CONVERSION = YES;
				GCC_WARN_ABOUT_RETURN_TYPE = YES_ERROR;
				GCC_WARN_UNDECLARED_SELECTOR = YES;
				GCC_WARN_UNINITIALIZED_AUTOS = YES_AGGRESSIVE;
				GCC_WARN_UNUSED_FUNCTION = YES;
				GCC_WARN_UNUSED_VARIABLE = YES;
				IPHONEOS_DEPLOYMENT_TARGET = 11.2;
				MTL_ENABLE_DEBUG_INFO = NO;
				SDKROOT = iphoneos;
				SWIFT_OPTIMIZATION_LEVEL = "-Owholemodule";
				VALIDATE_PRODUCT = YES;
			};
			name = Release;
		};
		AE1719192078AEA0008B1F69 /* Debug */ = {
			isa = XCBuildConfiguration;
			buildSettings = {
				ASSETCATALOG_COMPILER_APPICON_NAME = AppIcon;
				CODE_SIGN_STYLE = Automatic;
				INFOPLIST_FILE = WordList/Info.plist;
				LD_RUNPATH_SEARCH_PATHS = "$(inherited) @executable_path/Frameworks";
				PRODUCT_BUNDLE_IDENTIFIER = com.litech.WordList;
				PRODUCT_NAME = "$(TARGET_NAME)";
				SWIFT_VERSION = 4.0;
				TARGETED_DEVICE_FAMILY = "1,2";
			};
			name = Debug;
		};
		AE17191A2078AEA0008B1F69 /* Release */ = {
			isa = XCBuildConfiguration;
			buildSettings = {
				ASSETCATALOG_COMPILER_APPICON_NAME = AppIcon;
				CODE_SIGN_STYLE = Automatic;
				INFOPLIST_FILE = WordList/Info.plist;
				LD_RUNPATH_SEARCH_PATHS = "$(inherited) @executable_path/Frameworks";
				PRODUCT_BUNDLE_IDENTIFIER = com.litech.WordList;
				PRODUCT_NAME = "$(TARGET_NAME)";
				SWIFT_VERSION = 4.0;
				TARGETED_DEVICE_FAMILY = "1,2";
			};
			name = Release;
		};
		AE17191C2078AEA0008B1F69 /* Debug */ = {
			isa = XCBuildConfiguration;
			buildSettings = {
				ALWAYS_EMBED_SWIFT_STANDARD_LIBRARIES = YES;
				BUNDLE_LOADER = "$(TEST_HOST)";
				CODE_SIGN_STYLE = Automatic;
				INFOPLIST_FILE = WordListTests/Info.plist;
				LD_RUNPATH_SEARCH_PATHS = "$(inherited) @executable_path/Frameworks @loader_path/Frameworks";
				PRODUCT_BUNDLE_IDENTIFIER = com.litech.WordListTests;
				PRODUCT_NAME = "$(TARGET_NAME)";
				SWIFT_VERSION = 4.0;
				TARGETED_DEVICE_FAMILY = "1,2";
				TEST_HOST = "$(BUILT_PRODUCTS_DIR)/WordList.app/WordList";
			};
			name = Debug;
		};
		AE17191D2078AEA0008B1F69 /* Release */ = {
			isa = XCBuildConfiguration;
			buildSettings = {
				ALWAYS_EMBED_SWIFT_STANDARD_LIBRARIES = YES;
				BUNDLE_LOADER = "$(TEST_HOST)";
				CODE_SIGN_STYLE = Automatic;
				INFOPLIST_FILE = WordListTests/Info.plist;
				LD_RUNPATH_SEARCH_PATHS = "$(inherited) @executable_path/Frameworks @loader_path/Frameworks";
				PRODUCT_BUNDLE_IDENTIFIER = com.litech.WordListTests;
				PRODUCT_NAME = "$(TARGET_NAME)";
				SWIFT_VERSION = 4.0;
				TARGETED_DEVICE_FAMILY = "1,2";
				TEST_HOST = "$(BUILT_PRODUCTS_DIR)/WordList.app/WordList";
			};
			name = Release;
		};
		AE17191F2078AEA0008B1F69 /* Debug */ = {
			isa = XCBuildConfiguration;
			buildSettings = {
				ALWAYS_EMBED_SWIFT_STANDARD_LIBRARIES = YES;
				CODE_SIGN_STYLE = Automatic;
				INFOPLIST_FILE = WordListUITests/Info.plist;
				LD_RUNPATH_SEARCH_PATHS = "$(inherited) @executable_path/Frameworks @loader_path/Frameworks";
				PRODUCT_BUNDLE_IDENTIFIER = com.litech.WordListUITests;
				PRODUCT_NAME = "$(TARGET_NAME)";
				SWIFT_VERSION = 4.0;
				TARGETED_DEVICE_FAMILY = "1,2";
				TEST_TARGET_NAME = WordList;
			};
			name = Debug;
		};
		AE1719202078AEA0008B1F69 /* Release */ = {
			isa = XCBuildConfiguration;
			buildSettings = {
				ALWAYS_EMBED_SWIFT_STANDARD_LIBRARIES = YES;
				CODE_SIGN_STYLE = Automatic;
				INFOPLIST_FILE = WordListUITests/Info.plist;
				LD_RUNPATH_SEARCH_PATHS = "$(inherited) @executable_path/Frameworks @loader_path/Frameworks";
				PRODUCT_BUNDLE_IDENTIFIER = com.litech.WordListUITests;
				PRODUCT_NAME = "$(TARGET_NAME)";
				SWIFT_VERSION = 4.0;
				TARGETED_DEVICE_FAMILY = "1,2";
				TEST_TARGET_NAME = WordList;
			};
			name = Release;
		};
/* End XCBuildConfiguration section */

/* Begin XCConfigurationList section */
		AE1718EB2078AE9F008B1F69 /* Build configuration list for PBXProject "WordList" */ = {
			isa = XCConfigurationList;
			buildConfigurations = (
				AE1719162078AEA0008B1F69 /* Debug */,
				AE1719172078AEA0008B1F69 /* Release */,
			);
			defaultConfigurationIsVisible = 0;
			defaultConfigurationName = Release;
		};
		AE1719182078AEA0008B1F69 /* Build configuration list for PBXNativeTarget "WordList" */ = {
			isa = XCConfigurationList;
			buildConfigurations = (
				AE1719192078AEA0008B1F69 /* Debug */,
				AE17191A2078AEA0008B1F69 /* Release */,
			);
			defaultConfigurationIsVisible = 0;
			defaultConfigurationName = Release;
		};
		AE17191B2078AEA0008B1F69 /* Build configuration list for PBXNativeTarget "WordListTests" */ = {
			isa = XCConfigurationList;
			buildConfigurations = (
				AE17191C2078AEA0008B1F69 /* Debug */,
				AE17191D2078AEA0008B1F69 /* Release */,
			);
			defaultConfigurationIsVisible = 0;
			defaultConfigurationName = Release;
		};
		AE17191E2078AEA0008B1F69 /* Build configuration list for PBXNativeTarget "WordListUITests" */ = {
			isa = XCConfigurationList;
			buildConfigurations = (
				AE17191F2078AEA0008B1F69 /* Debug */,
				AE1719202078AEA0008B1F69 /* Release */,
			);
			defaultConfigurationIsVisible = 0;
			defaultConfigurationName = Release;
		};
/* End XCConfigurationList section */
	};
	rootObject = AE1718E82078AE9F008B1F69 /* Project object */;
}
